
Microsoft Visual Studio Solution File, Format Version 12.00
# Visual Studio Version 17
VisualStudioVersion = 17.13.35806.99
MinimumVisualStudioVersion = 10.0.40219.1
Project("{FAE04EC0-301F-11D3-BF4B-00C04F79EFBC}") = "Auth.API", "Auth\Auth.API\Auth.API.csproj", "{D76F36F6-8A09-158A-A102-6F30E0AF9E79}"
EndProject
Global
	GlobalSection(SolutionConfigurationPlatforms) = preSolution
		Debug|Any CPU = Debug|Any CPU
		Release|Any CPU = Release|Any CPU
	EndGlobalSection
	GlobalSection(ProjectConfigurationPlatforms) = postSolution
		{D76F36F6-8A09-158A-A102-6F30E0AF9E79}.Debug|Any CPU.ActiveCfg = Debug|Any CPU
		{D76F36F6-8A09-158A-A102-6F30E0AF9E79}.Debug|Any CPU.Build.0 = Debug|Any CPU
		{D76F36F6-8A09-158A-A102-6F30E0AF9E79}.Release|Any CPU.ActiveCfg = Release|Any CPU
		{D76F36F6-8A09-158A-A102-6F30E0AF9E79}.Release|Any CPU.Build.0 = Release|Any CPU
	EndGlobalSection
	GlobalSection(SolutionProperties) = preSolution
		HideSolutionNode = FALSE
	EndGlobalSection
	GlobalSection(ExtensibilityGlobals) = postSolution
		SolutionGuid = {81950958-8E9B-4287-8F77-D45EF0D80643}
	EndGlobalSection
EndGlobal
